
Microsoft Visual Studio Solution File, Format Version 12.00
# Visual Studio Version 16
VisualStudioVersion = 16.0.30621.155
MinimumVisualStudioVersion = 10.0.40219.1
Project("{9A19103F-16F7-4668-BE54-9A1E7A4F7556}") = "DigitalCommercePlatform.UIServices.Renewals", "DigitalCommercePlatform.UIServices.Renewals\DigitalCommercePlatform.UIServices.Renewals.csproj", "{11E41DAB-615B-41C4-B62C-DCA7D5DC379F}"
EndProject
Project("{2150E333-8FDC-42A3-9474-1A3956D46DE8}") = "Tests", "Tests", "{29884CF8-E632-4D1D-947D-DDB4DA31C0E8}"
EndProject
Project("{9A19103F-16F7-4668-BE54-9A1E7A4F7556}") = "DigitalCommercePlatform.UIServices.Renewals.Tests", "DigitalCommercePlatform.UIServices.Renewals.Tests\DigitalCommercePlatform.UIServices.Renewals.Tests.csproj", "{CF875EEC-EE2D-4D83-A21C-367228F7C8AF}"
EndProject
Project("{FAE04EC0-301F-11D3-BF4B-00C04F79EFBC}") = "DigitalCommercePlatform.UIServices.Renewals.IntegrationTests", "DigitalCommercePlatform.UIServices.Renewals.IntegrationTests\DigitalCommercePlatform.UIServices.Renewals.IntegrationTests.csproj", "{99E61961-29E9-4920-BD94-C95830053BEA}"
EndProject
Global
	GlobalSection(SolutionConfigurationPlatforms) = preSolution
		Debug|Any CPU = Debug|Any CPU
		Release|Any CPU = Release|Any CPU
	EndGlobalSection
	GlobalSection(ProjectConfigurationPlatforms) = postSolution
		{11E41DAB-615B-41C4-B62C-DCA7D5DC379F}.Debug|Any CPU.ActiveCfg = Debug|Any CPU
		{11E41DAB-615B-41C4-B62C-DCA7D5DC379F}.Debug|Any CPU.Build.0 = Debug|Any CPU
		{11E41DAB-615B-41C4-B62C-DCA7D5DC379F}.Release|Any CPU.ActiveCfg = Release|Any CPU
		{11E41DAB-615B-41C4-B62C-DCA7D5DC379F}.Release|Any CPU.Build.0 = Release|Any CPU
		{CF875EEC-EE2D-4D83-A21C-367228F7C8AF}.Debug|Any CPU.ActiveCfg = Debug|Any CPU
		{CF875EEC-EE2D-4D83-A21C-367228F7C8AF}.Debug|Any CPU.Build.0 = Debug|Any CPU
		{CF875EEC-EE2D-4D83-A21C-367228F7C8AF}.Release|Any CPU.ActiveCfg = Release|Any CPU
		{CF875EEC-EE2D-4D83-A21C-367228F7C8AF}.Release|Any CPU.Build.0 = Release|Any CPU
		{99E61961-29E9-4920-BD94-C95830053BEA}.Debug|Any CPU.ActiveCfg = Debug|Any CPU
		{99E61961-29E9-4920-BD94-C95830053BEA}.Debug|Any CPU.Build.0 = Debug|Any CPU
		{99E61961-29E9-4920-BD94-C95830053BEA}.Release|Any CPU.ActiveCfg = Release|Any CPU
		{99E61961-29E9-4920-BD94-C95830053BEA}.Release|Any CPU.Build.0 = Release|Any CPU
	EndGlobalSection
	GlobalSection(SolutionProperties) = preSolution
		HideSolutionNode = FALSE
	EndGlobalSection
	GlobalSection(NestedProjects) = preSolution
		{CF875EEC-EE2D-4D83-A21C-367228F7C8AF} = {29884CF8-E632-4D1D-947D-DDB4DA31C0E8}
		{99E61961-29E9-4920-BD94-C95830053BEA} = {29884CF8-E632-4D1D-947D-DDB4DA31C0E8}
	EndGlobalSection
	GlobalSection(ExtensibilityGlobals) = postSolution
		SolutionGuid = {CB09A0CA-4C88-4E29-992C-1D546E94FA95}
	EndGlobalSection
EndGlobal
