
Microsoft Visual Studio Solution File, Format Version 12.00
# Visual Studio Version 16
VisualStudioVersion = 16.0.30621.155
MinimumVisualStudioVersion = 10.0.40219.1
Project("{9A19103F-16F7-4668-BE54-9A1E7A4F7556}") = "DigitalCommercePlatform.UIServices.Quote", "DigitalCommercePlatform.UIServices.Quote\DigitalCommercePlatform.UIServices.Quote.csproj", "{BED3D536-C7A7-44EC-8B98-9AB4FBFF5282}"
EndProject
Project("{9A19103F-16F7-4668-BE54-9A1E7A4F7556}") = "DigitalCommercePlatform.UIServices.Quote.Tests", "DigitalCommercePlatform.UIServices.Quote.Tests\DigitalCommercePlatform.UIServices.Quote.Tests.csproj", "{613A73C0-9F78-490E-8984-0CCDAAA217D3}"
EndProject
Project("{9A19103F-16F7-4668-BE54-9A1E7A4F7556}") = "DigitalCommercePlatform.UIServices.Quote.IntegrationTests", "DigitalCommercePlatform.UIServices.Quote.IntegrationTests\DigitalCommercePlatform.UIServices.Quote.IntegrationTests.csproj", "{FF36CA44-407C-46C8-AE3E-2A179E8F22AC}"
EndProject
Project("{2150E333-8FDC-42A3-9474-1A3956D46DE8}") = "Tests", "Tests", "{3A2E71A3-75FB-4D15-9C53-FECE191D8DD7}"
EndProject
Global
	GlobalSection(SolutionConfigurationPlatforms) = preSolution
		Debug|Any CPU = Debug|Any CPU
		Release|Any CPU = Release|Any CPU
	EndGlobalSection
	GlobalSection(ProjectConfigurationPlatforms) = postSolution
		{BED3D536-C7A7-44EC-8B98-9AB4FBFF5282}.Debug|Any CPU.ActiveCfg = Debug|Any CPU
		{BED3D536-C7A7-44EC-8B98-9AB4FBFF5282}.Debug|Any CPU.Build.0 = Debug|Any CPU
		{BED3D536-C7A7-44EC-8B98-9AB4FBFF5282}.Release|Any CPU.ActiveCfg = Release|Any CPU
		{BED3D536-C7A7-44EC-8B98-9AB4FBFF5282}.Release|Any CPU.Build.0 = Release|Any CPU
		{613A73C0-9F78-490E-8984-0CCDAAA217D3}.Debug|Any CPU.ActiveCfg = Debug|Any CPU
		{613A73C0-9F78-490E-8984-0CCDAAA217D3}.Debug|Any CPU.Build.0 = Debug|Any CPU
		{613A73C0-9F78-490E-8984-0CCDAAA217D3}.Release|Any CPU.ActiveCfg = Release|Any CPU
		{613A73C0-9F78-490E-8984-0CCDAAA217D3}.Release|Any CPU.Build.0 = Release|Any CPU
		{FF36CA44-407C-46C8-AE3E-2A179E8F22AC}.Debug|Any CPU.ActiveCfg = Debug|Any CPU
		{FF36CA44-407C-46C8-AE3E-2A179E8F22AC}.Debug|Any CPU.Build.0 = Debug|Any CPU
		{FF36CA44-407C-46C8-AE3E-2A179E8F22AC}.Release|Any CPU.ActiveCfg = Release|Any CPU
		{FF36CA44-407C-46C8-AE3E-2A179E8F22AC}.Release|Any CPU.Build.0 = Release|Any CPU
	EndGlobalSection
	GlobalSection(SolutionProperties) = preSolution
		HideSolutionNode = FALSE
	EndGlobalSection
	GlobalSection(NestedProjects) = preSolution
		{613A73C0-9F78-490E-8984-0CCDAAA217D3} = {3A2E71A3-75FB-4D15-9C53-FECE191D8DD7}
		{FF36CA44-407C-46C8-AE3E-2A179E8F22AC} = {3A2E71A3-75FB-4D15-9C53-FECE191D8DD7}
	EndGlobalSection
	GlobalSection(ExtensibilityGlobals) = postSolution
		SolutionGuid = {B8B8CCB8-476F-4D33-B987-A46A9A2DE817}
	EndGlobalSection
EndGlobal
