
Microsoft Visual Studio Solution File, Format Version 12.00
# Visual Studio Version 16
VisualStudioVersion = 16.0.30621.155
MinimumVisualStudioVersion = 10.0.40219.1
Project("{FAE04EC0-301F-11D3-BF4B-00C04F79EFBC}") = "DigitalCommercePlatform.UIServices.Browse", "DigitalCommercePlatform.UIServices.Browse\DigitalCommercePlatform.UIServices.Browse.csproj", "{734F9C30-63CC-4D55-A293-94A0168A3CEE}"
EndProject
Global
	GlobalSection(SolutionConfigurationPlatforms) = preSolution
		Debug|Any CPU = Debug|Any CPU
		Release|Any CPU = Release|Any CPU
	EndGlobalSection
	GlobalSection(ProjectConfigurationPlatforms) = postSolution
		{734F9C30-63CC-4D55-A293-94A0168A3CEE}.Debug|Any CPU.ActiveCfg = Debug|Any CPU
		{734F9C30-63CC-4D55-A293-94A0168A3CEE}.Debug|Any CPU.Build.0 = Debug|Any CPU
		{734F9C30-63CC-4D55-A293-94A0168A3CEE}.Release|Any CPU.ActiveCfg = Release|Any CPU
		{734F9C30-63CC-4D55-A293-94A0168A3CEE}.Release|Any CPU.Build.0 = Release|Any CPU
	EndGlobalSection
	GlobalSection(SolutionProperties) = preSolution
		HideSolutionNode = FALSE
	EndGlobalSection
	GlobalSection(ExtensibilityGlobals) = postSolution
		SolutionGuid = {AEE78001-D23F-45BA-AD7D-2008B5E6225E}
	EndGlobalSection
EndGlobal
