
Microsoft Visual Studio Solution File, Format Version 12.00
# Visual Studio Version 16
VisualStudioVersion = 16.0.31019.35
MinimumVisualStudioVersion = 10.0.40219.1
Project("{9A19103F-16F7-4668-BE54-9A1E7A4F7556}") = "DigitalCommercePlatform.UIServices.Localize", "DigitalCommercePlatform.UIServices.Localize\DigitalCommercePlatform.UIServices.Localize.csproj", "{25EC37DD-A52B-4CBC-88A4-44EA4DA92FF8}"
EndProject
Project("{2150E333-8FDC-42A3-9474-1A3956D46DE8}") = "Tests", "Tests", "{1F6332F8-FECA-4F03-8406-5595A0EFE057}"
EndProject
Project("{9A19103F-16F7-4668-BE54-9A1E7A4F7556}") = "DigitalCommercePlatform.UIServices.Localize.IntegrationTests", "DigitalCommercePlatform.UIServices.Localize.IntegrationTests\DigitalCommercePlatform.UIServices.Localize.IntegrationTests.csproj", "{BED016E2-E67E-463A-A2E5-1EA904447342}"
EndProject
Project("{9A19103F-16F7-4668-BE54-9A1E7A4F7556}") = "DigitalCommercePlatform.UIServices.Localize.Tests", "DigitalCommercePlatform.UIServices.Localize.Tests\DigitalCommercePlatform.UIServices.Localize.Tests.csproj", "{F95B2647-551A-4FE4-9C78-B0E278AD4F51}"
EndProject
Global
	GlobalSection(SolutionConfigurationPlatforms) = preSolution
		Debug|Any CPU = Debug|Any CPU
		Release|Any CPU = Release|Any CPU
	EndGlobalSection
	GlobalSection(ProjectConfigurationPlatforms) = postSolution
		{25EC37DD-A52B-4CBC-88A4-44EA4DA92FF8}.Debug|Any CPU.ActiveCfg = Debug|Any CPU
		{25EC37DD-A52B-4CBC-88A4-44EA4DA92FF8}.Debug|Any CPU.Build.0 = Debug|Any CPU
		{25EC37DD-A52B-4CBC-88A4-44EA4DA92FF8}.Release|Any CPU.ActiveCfg = Release|Any CPU
		{25EC37DD-A52B-4CBC-88A4-44EA4DA92FF8}.Release|Any CPU.Build.0 = Release|Any CPU
		{BED016E2-E67E-463A-A2E5-1EA904447342}.Debug|Any CPU.ActiveCfg = Debug|Any CPU
		{BED016E2-E67E-463A-A2E5-1EA904447342}.Debug|Any CPU.Build.0 = Debug|Any CPU
		{BED016E2-E67E-463A-A2E5-1EA904447342}.Release|Any CPU.ActiveCfg = Release|Any CPU
		{BED016E2-E67E-463A-A2E5-1EA904447342}.Release|Any CPU.Build.0 = Release|Any CPU
		{F95B2647-551A-4FE4-9C78-B0E278AD4F51}.Debug|Any CPU.ActiveCfg = Debug|Any CPU
		{F95B2647-551A-4FE4-9C78-B0E278AD4F51}.Debug|Any CPU.Build.0 = Debug|Any CPU
		{F95B2647-551A-4FE4-9C78-B0E278AD4F51}.Release|Any CPU.ActiveCfg = Release|Any CPU
		{F95B2647-551A-4FE4-9C78-B0E278AD4F51}.Release|Any CPU.Build.0 = Release|Any CPU
	EndGlobalSection
	GlobalSection(SolutionProperties) = preSolution
		HideSolutionNode = FALSE
	EndGlobalSection
	GlobalSection(NestedProjects) = preSolution
		{BED016E2-E67E-463A-A2E5-1EA904447342} = {1F6332F8-FECA-4F03-8406-5595A0EFE057}
		{F95B2647-551A-4FE4-9C78-B0E278AD4F51} = {1F6332F8-FECA-4F03-8406-5595A0EFE057}
	EndGlobalSection
	GlobalSection(ExtensibilityGlobals) = postSolution
		SolutionGuid = {79A86945-3E66-40AF-844A-1C46E3CA454D}
	EndGlobalSection
EndGlobal
