
Microsoft Visual Studio Solution File, Format Version 12.00
# Visual Studio Version 16
VisualStudioVersion = 16.0.31019.35
MinimumVisualStudioVersion = 10.0.40219.1
Project("{2150E333-8FDC-42A3-9474-1A3956D46DE8}") = "Tests", "Tests", "{4A582F2B-C6CF-426D-B90B-30174DD54502}"
EndProject
Project("{FAE04EC0-301F-11D3-BF4B-00C04F79EFBC}") = "DigitalCommercePlatform.UIServices.Content", "DigitalCommercePlatform.UIServices.Content\DigitalCommercePlatform.UIServices.Content.csproj", "{54AF4921-75E2-4AC3-A32B-E060F9CD0ED5}"
EndProject
Project("{FAE04EC0-301F-11D3-BF4B-00C04F79EFBC}") = "DigitalCommercePlatform.UIServices.Content.IntegrationTests", "DigitalCommercePlatform.UIServices.Content.IntegrationTests\DigitalCommercePlatform.UIServices.Content.IntegrationTests.csproj", "{231372C8-0192-41F0-BB0B-AD41566B3D5E}"
EndProject
Project("{FAE04EC0-301F-11D3-BF4B-00C04F79EFBC}") = "DigitalCommercePlatform.UIServices.Content.Tests", "DigitalCommercePlatform.UIServices.Content.Tests\DigitalCommercePlatform.UIServices.Content.Tests.csproj", "{468AC4E3-46C1-4452-8974-2BE7109994EE}"
EndProject
Global
	GlobalSection(SolutionConfigurationPlatforms) = preSolution
		Debug|Any CPU = Debug|Any CPU
		Release|Any CPU = Release|Any CPU
	EndGlobalSection
	GlobalSection(ProjectConfigurationPlatforms) = postSolution
		{54AF4921-75E2-4AC3-A32B-E060F9CD0ED5}.Debug|Any CPU.ActiveCfg = Debug|Any CPU
		{54AF4921-75E2-4AC3-A32B-E060F9CD0ED5}.Debug|Any CPU.Build.0 = Debug|Any CPU
		{54AF4921-75E2-4AC3-A32B-E060F9CD0ED5}.Release|Any CPU.ActiveCfg = Release|Any CPU
		{54AF4921-75E2-4AC3-A32B-E060F9CD0ED5}.Release|Any CPU.Build.0 = Release|Any CPU
		{231372C8-0192-41F0-BB0B-AD41566B3D5E}.Debug|Any CPU.ActiveCfg = Debug|Any CPU
		{231372C8-0192-41F0-BB0B-AD41566B3D5E}.Debug|Any CPU.Build.0 = Debug|Any CPU
		{231372C8-0192-41F0-BB0B-AD41566B3D5E}.Release|Any CPU.ActiveCfg = Release|Any CPU
		{231372C8-0192-41F0-BB0B-AD41566B3D5E}.Release|Any CPU.Build.0 = Release|Any CPU
		{468AC4E3-46C1-4452-8974-2BE7109994EE}.Debug|Any CPU.ActiveCfg = Debug|Any CPU
		{468AC4E3-46C1-4452-8974-2BE7109994EE}.Debug|Any CPU.Build.0 = Debug|Any CPU
		{468AC4E3-46C1-4452-8974-2BE7109994EE}.Release|Any CPU.ActiveCfg = Release|Any CPU
		{468AC4E3-46C1-4452-8974-2BE7109994EE}.Release|Any CPU.Build.0 = Release|Any CPU
	EndGlobalSection
	GlobalSection(SolutionProperties) = preSolution
		HideSolutionNode = FALSE
	EndGlobalSection
	GlobalSection(NestedProjects) = preSolution
		{231372C8-0192-41F0-BB0B-AD41566B3D5E} = {4A582F2B-C6CF-426D-B90B-30174DD54502}
		{468AC4E3-46C1-4452-8974-2BE7109994EE} = {4A582F2B-C6CF-426D-B90B-30174DD54502}
	EndGlobalSection
	GlobalSection(ExtensibilityGlobals) = postSolution
		SolutionGuid = {880F8805-811E-49BB-8705-7979A4FC0856}
	EndGlobalSection
EndGlobal
