
Microsoft Visual Studio Solution File, Format Version 12.00
# Visual Studio Version 16
VisualStudioVersion = 16.0.31019.35
MinimumVisualStudioVersion = 10.0.40219.1
Project("{2150E333-8FDC-42A3-9474-1A3956D46DE8}") = "Tests", "Tests", "{4A582F2B-C6CF-426D-B90B-30174DD54502}"
EndProject
Project("{9A19103F-16F7-4668-BE54-9A1E7A4F7556}") = "DigitalCommercePlatform.UIServices.Search", "DigitalCommercePlatform.UIServices.Search\DigitalCommercePlatform.UIServices.Search.csproj", "{C7B02834-7493-4BFD-BE97-2D53ACEFD4DC}"
EndProject
Project("{9A19103F-16F7-4668-BE54-9A1E7A4F7556}") = "DigitalCommercePlatform.UIServices.Search.IntegrationTests", "DigitalCommercePlatform.UIServices.Search.IntegrationTests\DigitalCommercePlatform.UIServices.Search.IntegrationTests.csproj", "{DE805B33-3B68-4B76-92BD-C01BE578193B}"
EndProject
Project("{9A19103F-16F7-4668-BE54-9A1E7A4F7556}") = "DigitalCommercePlatform.UIServices.Search.Tests", "DigitalCommercePlatform.UIServices.Search.Tests\DigitalCommercePlatform.UIServices.Search.Tests.csproj", "{0713FC48-45B3-4C21-B815-5A338DD92676}"
EndProject
Global
	GlobalSection(SolutionConfigurationPlatforms) = preSolution
		Debug|Any CPU = Debug|Any CPU
		Release|Any CPU = Release|Any CPU
	EndGlobalSection
	GlobalSection(ProjectConfigurationPlatforms) = postSolution
		{C7B02834-7493-4BFD-BE97-2D53ACEFD4DC}.Debug|Any CPU.ActiveCfg = Debug|Any CPU
		{C7B02834-7493-4BFD-BE97-2D53ACEFD4DC}.Debug|Any CPU.Build.0 = Debug|Any CPU
		{C7B02834-7493-4BFD-BE97-2D53ACEFD4DC}.Release|Any CPU.ActiveCfg = Release|Any CPU
		{C7B02834-7493-4BFD-BE97-2D53ACEFD4DC}.Release|Any CPU.Build.0 = Release|Any CPU
		{DE805B33-3B68-4B76-92BD-C01BE578193B}.Debug|Any CPU.ActiveCfg = Debug|Any CPU
		{DE805B33-3B68-4B76-92BD-C01BE578193B}.Debug|Any CPU.Build.0 = Debug|Any CPU
		{DE805B33-3B68-4B76-92BD-C01BE578193B}.Release|Any CPU.ActiveCfg = Release|Any CPU
		{DE805B33-3B68-4B76-92BD-C01BE578193B}.Release|Any CPU.Build.0 = Release|Any CPU
		{0713FC48-45B3-4C21-B815-5A338DD92676}.Debug|Any CPU.ActiveCfg = Debug|Any CPU
		{0713FC48-45B3-4C21-B815-5A338DD92676}.Debug|Any CPU.Build.0 = Debug|Any CPU
		{0713FC48-45B3-4C21-B815-5A338DD92676}.Release|Any CPU.ActiveCfg = Release|Any CPU
		{0713FC48-45B3-4C21-B815-5A338DD92676}.Release|Any CPU.Build.0 = Release|Any CPU
	EndGlobalSection
	GlobalSection(SolutionProperties) = preSolution
		HideSolutionNode = FALSE
	EndGlobalSection
	GlobalSection(NestedProjects) = preSolution
		{DE805B33-3B68-4B76-92BD-C01BE578193B} = {4A582F2B-C6CF-426D-B90B-30174DD54502}
		{0713FC48-45B3-4C21-B815-5A338DD92676} = {4A582F2B-C6CF-426D-B90B-30174DD54502}
	EndGlobalSection
	GlobalSection(ExtensibilityGlobals) = postSolution
		SolutionGuid = {880F8805-811E-49BB-8705-7979A4FC0856}
	EndGlobalSection
EndGlobal
