
Microsoft Visual Studio Solution File, Format Version 12.00
# Visual Studio Version 16
VisualStudioVersion = 16.0.31129.286
MinimumVisualStudioVersion = 10.0.40219.1
Project("{FAE04EC0-301F-11D3-BF4B-00C04F79EFBC}") = "DigitalCommercePlatform.UIServices.Common.Product", "DigitalCommercePlatform.UIServices.Common.Product\DigitalCommercePlatform.UIServices.Common.Product.csproj", "{0FBBF398-14B1-4139-B1F1-0B79257A09A2}"
EndProject
Global
	GlobalSection(SolutionConfigurationPlatforms) = preSolution
		Debug|Any CPU = Debug|Any CPU
		Release|Any CPU = Release|Any CPU
	EndGlobalSection
	GlobalSection(ProjectConfigurationPlatforms) = postSolution
		{0FBBF398-14B1-4139-B1F1-0B79257A09A2}.Debug|Any CPU.ActiveCfg = Debug|Any CPU
		{0FBBF398-14B1-4139-B1F1-0B79257A09A2}.Debug|Any CPU.Build.0 = Debug|Any CPU
		{0FBBF398-14B1-4139-B1F1-0B79257A09A2}.Release|Any CPU.ActiveCfg = Release|Any CPU
		{0FBBF398-14B1-4139-B1F1-0B79257A09A2}.Release|Any CPU.Build.0 = Release|Any CPU
	EndGlobalSection
	GlobalSection(SolutionProperties) = preSolution
		HideSolutionNode = FALSE
	EndGlobalSection
	GlobalSection(ExtensibilityGlobals) = postSolution
		SolutionGuid = {41FEB707-EE95-4880-84A7-9F0ED934254E}
	EndGlobalSection
EndGlobal
