
Microsoft Visual Studio Solution File, Format Version 12.00
# Visual Studio Version 16
VisualStudioVersion = 16.0.31019.35
MinimumVisualStudioVersion = 10.0.40219.1
Project("{9A19103F-16F7-4668-BE54-9A1E7A4F7556}") = "DigitalCommercePlatform.UIServices.Export", "DigitalCommercePlatform.UIServices.Export\DigitalCommercePlatform.UIServices.Export.csproj", "{7FEA82E0-C352-490B-94F3-242FDDD2293E}"
EndProject
Project("{2150E333-8FDC-42A3-9474-1A3956D46DE8}") = "Tests", "Tests", "{1A83D94B-866C-4051-AC76-E56951052CE2}"
EndProject
Project("{9A19103F-16F7-4668-BE54-9A1E7A4F7556}") = "DigitalCommercePlatform.UIServices.Export.Tests", "DigitalCommercePlatform.UIServices.Export.Tests\DigitalCommercePlatform.UIServices.Export.Tests.csproj", "{C4B691CA-521F-4EFF-BC20-507C08FCEAEF}"
EndProject
Project("{9A19103F-16F7-4668-BE54-9A1E7A4F7556}") = "DigitalCommercePlatform.UIServices.Export.IntegrationTests", "DigitalCommercePlatform.UIServices.Export.IntegrationTests\DigitalCommercePlatform.UIServices.Export.IntegrationTests.csproj", "{925BBA1D-C4C6-4810-A024-BC495D758BD7}"
EndProject
Global
	GlobalSection(SolutionConfigurationPlatforms) = preSolution
		Debug|Any CPU = Debug|Any CPU
		Release|Any CPU = Release|Any CPU
	EndGlobalSection
	GlobalSection(ProjectConfigurationPlatforms) = postSolution
		{7FEA82E0-C352-490B-94F3-242FDDD2293E}.Debug|Any CPU.ActiveCfg = Debug|Any CPU
		{7FEA82E0-C352-490B-94F3-242FDDD2293E}.Debug|Any CPU.Build.0 = Debug|Any CPU
		{7FEA82E0-C352-490B-94F3-242FDDD2293E}.Release|Any CPU.ActiveCfg = Release|Any CPU
		{7FEA82E0-C352-490B-94F3-242FDDD2293E}.Release|Any CPU.Build.0 = Release|Any CPU
		{C4B691CA-521F-4EFF-BC20-507C08FCEAEF}.Debug|Any CPU.ActiveCfg = Debug|Any CPU
		{C4B691CA-521F-4EFF-BC20-507C08FCEAEF}.Debug|Any CPU.Build.0 = Debug|Any CPU
		{C4B691CA-521F-4EFF-BC20-507C08FCEAEF}.Release|Any CPU.ActiveCfg = Release|Any CPU
		{C4B691CA-521F-4EFF-BC20-507C08FCEAEF}.Release|Any CPU.Build.0 = Release|Any CPU
		{925BBA1D-C4C6-4810-A024-BC495D758BD7}.Debug|Any CPU.ActiveCfg = Debug|Any CPU
		{925BBA1D-C4C6-4810-A024-BC495D758BD7}.Debug|Any CPU.Build.0 = Debug|Any CPU
		{925BBA1D-C4C6-4810-A024-BC495D758BD7}.Release|Any CPU.ActiveCfg = Release|Any CPU
		{925BBA1D-C4C6-4810-A024-BC495D758BD7}.Release|Any CPU.Build.0 = Release|Any CPU
	EndGlobalSection
	GlobalSection(SolutionProperties) = preSolution
		HideSolutionNode = FALSE
	EndGlobalSection
	GlobalSection(NestedProjects) = preSolution
		{C4B691CA-521F-4EFF-BC20-507C08FCEAEF} = {1A83D94B-866C-4051-AC76-E56951052CE2}
		{925BBA1D-C4C6-4810-A024-BC495D758BD7} = {1A83D94B-866C-4051-AC76-E56951052CE2}
	EndGlobalSection
	GlobalSection(ExtensibilityGlobals) = postSolution
		SolutionGuid = {185CFEFB-296A-42F4-A05C-E8975F9892C0}
	EndGlobalSection
EndGlobal
