
Microsoft Visual Studio Solution File, Format Version 12.00
# Visual Studio Version 16
VisualStudioVersion = 16.0.31019.35
MinimumVisualStudioVersion = 10.0.40219.1
Project("{9A19103F-16F7-4668-BE54-9A1E7A4F7556}") = "DigitalCommercePlatform.UIServices.Commerce", "DigitalCommercePlatform.UIServices.Commerce\DigitalCommercePlatform.UIServices.Commerce.csproj", "{7F706B9B-440A-4A27-8569-7FDFB416D3BC}"
EndProject
Project("{2150E333-8FDC-42A3-9474-1A3956D46DE8}") = "Tests", "Tests", "{6B86DB9E-9409-4DE8-B817-B0901AA3260A}"
EndProject
Project("{9A19103F-16F7-4668-BE54-9A1E7A4F7556}") = "DigitalCommercePlatform.UIServices.Commerce.Tests", "DigitalCommercePlatform.UIServices.Commerce.Tests\DigitalCommercePlatform.UIServices.Commerce.Tests.csproj", "{BE066FE9-EE06-462F-B825-9166B9761FDF}"
EndProject
Project("{9A19103F-16F7-4668-BE54-9A1E7A4F7556}") = "DigitalCommercePlatform.UIServices.Commerce.IntegrationTests", "DigitalCommercePlatform.UIServices.Commerce.IntegrationTests\DigitalCommercePlatform.UIServices.Commerce.IntegrationTests.csproj", "{610E939F-9B38-4399-8EAE-7BEAC795A9EF}"
EndProject
Project("{9A19103F-16F7-4668-BE54-9A1E7A4F7556}") = "TechData.CarrierTrackingInfoUtility", "TechData.CarrierTrackingInfoUtility\TechData.CarrierTrackingInfoUtility.csproj", "{6A633CD6-4961-4882-83B8-74D75E33CDE1}"
EndProject
Global
	GlobalSection(SolutionConfigurationPlatforms) = preSolution
		Debug|Any CPU = Debug|Any CPU
		Release|Any CPU = Release|Any CPU
	EndGlobalSection
	GlobalSection(ProjectConfigurationPlatforms) = postSolution
		{7F706B9B-440A-4A27-8569-7FDFB416D3BC}.Debug|Any CPU.ActiveCfg = Debug|Any CPU
		{7F706B9B-440A-4A27-8569-7FDFB416D3BC}.Debug|Any CPU.Build.0 = Debug|Any CPU
		{7F706B9B-440A-4A27-8569-7FDFB416D3BC}.Release|Any CPU.ActiveCfg = Release|Any CPU
		{7F706B9B-440A-4A27-8569-7FDFB416D3BC}.Release|Any CPU.Build.0 = Release|Any CPU
		{BE066FE9-EE06-462F-B825-9166B9761FDF}.Debug|Any CPU.ActiveCfg = Debug|Any CPU
		{BE066FE9-EE06-462F-B825-9166B9761FDF}.Debug|Any CPU.Build.0 = Debug|Any CPU
		{BE066FE9-EE06-462F-B825-9166B9761FDF}.Release|Any CPU.ActiveCfg = Release|Any CPU
		{BE066FE9-EE06-462F-B825-9166B9761FDF}.Release|Any CPU.Build.0 = Release|Any CPU
		{610E939F-9B38-4399-8EAE-7BEAC795A9EF}.Debug|Any CPU.ActiveCfg = Debug|Any CPU
		{610E939F-9B38-4399-8EAE-7BEAC795A9EF}.Debug|Any CPU.Build.0 = Debug|Any CPU
		{610E939F-9B38-4399-8EAE-7BEAC795A9EF}.Release|Any CPU.ActiveCfg = Release|Any CPU
		{610E939F-9B38-4399-8EAE-7BEAC795A9EF}.Release|Any CPU.Build.0 = Release|Any CPU
		{6A633CD6-4961-4882-83B8-74D75E33CDE1}.Debug|Any CPU.ActiveCfg = Debug|Any CPU
		{6A633CD6-4961-4882-83B8-74D75E33CDE1}.Debug|Any CPU.Build.0 = Debug|Any CPU
		{6A633CD6-4961-4882-83B8-74D75E33CDE1}.Release|Any CPU.ActiveCfg = Release|Any CPU
		{6A633CD6-4961-4882-83B8-74D75E33CDE1}.Release|Any CPU.Build.0 = Release|Any CPU
	EndGlobalSection
	GlobalSection(SolutionProperties) = preSolution
		HideSolutionNode = FALSE
	EndGlobalSection
	GlobalSection(NestedProjects) = preSolution
		{BE066FE9-EE06-462F-B825-9166B9761FDF} = {6B86DB9E-9409-4DE8-B817-B0901AA3260A}
		{610E939F-9B38-4399-8EAE-7BEAC795A9EF} = {6B86DB9E-9409-4DE8-B817-B0901AA3260A}
	EndGlobalSection
	GlobalSection(ExtensibilityGlobals) = postSolution
		SolutionGuid = {60FDFF1D-1AAD-479F-8A89-F2F99D143BD5}
	EndGlobalSection
EndGlobal
